
Microsoft Visual Studio Solution File, Format Version 12.00
# Visual Studio Version 17
VisualStudioVersion = 17.0.32112.339
MinimumVisualStudioVersion = 10.0.40219.1
Project("{8BC9CEB8-8B4A-11D0-8D11-00A0C91BC942}") = "09", "09.vcxproj", "{30383613-8952-4B89-A653-18B0CBF8153F}"
EndProject
Global
	GlobalSection(SolutionConfigurationPlatforms) = preSolution
		Debug|x64 = Debug|x64
		Debug|x86 = Debug|x86
		Release|x64 = Release|x64
		Release|x86 = Release|x86
	EndGlobalSection
	GlobalSection(ProjectConfigurationPlatforms) = postSolution
		{30383613-8952-4B89-A653-18B0CBF8153F}.Debug|x64.ActiveCfg = Debug|x64
		{30383613-8952-4B89-A653-18B0CBF8153F}.Debug|x64.Build.0 = Debug|x64
		{30383613-8952-4B89-A653-18B0CBF8153F}.Debug|x86.ActiveCfg = Debug|Win32
		{30383613-8952-4B89-A653-18B0CBF8153F}.Debug|x86.Build.0 = Debug|Win32
		{30383613-8952-4B89-A653-18B0CBF8153F}.Release|x64.ActiveCfg = Release|x64
		{30383613-8952-4B89-A653-18B0CBF8153F}.Release|x64.Build.0 = Release|x64
		{30383613-8952-4B89-A653-18B0CBF8153F}.Release|x86.ActiveCfg = Release|Win32
		{30383613-8952-4B89-A653-18B0CBF8153F}.Release|x86.Build.0 = Release|Win32
	EndGlobalSection
	GlobalSection(SolutionProperties) = preSolution
		HideSolutionNode = FALSE
	EndGlobalSection
	GlobalSection(ExtensibilityGlobals) = postSolution
		SolutionGuid = {8CC8F0A0-E664-4B8D-9551-E4F6C9F72DE6}
	EndGlobalSection
EndGlobal
